
Microsoft Visual Studio Solution File, Format Version 12.00
# Visual Studio Version 17
VisualStudioVersion = 17.7.34202.233
MinimumVisualStudioVersion = 10.0.40219.1
Project("{FAE04EC0-301F-11D3-BF4B-00C04F79EFBC}") = "FIRSTPRO", "FIRSTPRO.csproj", "{1809CC7C-8273-4F53-90B0-021D1681B832}"
EndProject
Global
	GlobalSection(SolutionConfigurationPlatforms) = preSolution
		Debug|Any CPU = Debug|Any CPU
		Release|Any CPU = Release|Any CPU
	EndGlobalSection
	GlobalSection(ProjectConfigurationPlatforms) = postSolution
		{1809CC7C-8273-4F53-90B0-021D1681B832}.Debug|Any CPU.ActiveCfg = Debug|Any CPU
		{1809CC7C-8273-4F53-90B0-021D1681B832}.Debug|Any CPU.Build.0 = Debug|Any CPU
		{1809CC7C-8273-4F53-90B0-021D1681B832}.Release|Any CPU.ActiveCfg = Release|Any CPU
		{1809CC7C-8273-4F53-90B0-021D1681B832}.Release|Any CPU.Build.0 = Release|Any CPU
	EndGlobalSection
	GlobalSection(SolutionProperties) = preSolution
		HideSolutionNode = FALSE
	EndGlobalSection
	GlobalSection(ExtensibilityGlobals) = postSolution
		SolutionGuid = {E73D20FE-46AB-45C3-9E89-B38E8AD52657}
	EndGlobalSection
EndGlobal
